
Microsoft Visual Studio Solution File, Format Version 12.00
# Visual Studio Version 17
VisualStudioVersion = 17.11.35327.3
MinimumVisualStudioVersion = 10.0.40219.1
Project("{9A19103F-16F7-4668-BE54-9A1E7A4F7556}") = "LocalizationComponent", "src\LocalizationComponent\LocalizationComponent.csproj", "{A89C2E9B-0CA9-4918-94E6-BB488174E0F9}"
EndProject
Global
	GlobalSection(SolutionConfigurationPlatforms) = preSolution
		Debug|Any CPU = Debug|Any CPU
		Release|Any CPU = Release|Any CPU
	EndGlobalSection
	GlobalSection(ProjectConfigurationPlatforms) = postSolution
		{A89C2E9B-0CA9-4918-94E6-BB488174E0F9}.Debug|Any CPU.ActiveCfg = Debug|Any CPU
		{A89C2E9B-0CA9-4918-94E6-BB488174E0F9}.Debug|Any CPU.Build.0 = Debug|Any CPU
		{A89C2E9B-0CA9-4918-94E6-BB488174E0F9}.Release|Any CPU.ActiveCfg = Release|Any CPU
		{A89C2E9B-0CA9-4918-94E6-BB488174E0F9}.Release|Any CPU.Build.0 = Release|Any CPU
	EndGlobalSection
	GlobalSection(SolutionProperties) = preSolution
		HideSolutionNode = FALSE
	EndGlobalSection
	GlobalSection(ExtensibilityGlobals) = postSolution
		SolutionGuid = {8FA308BB-A70F-4539-8EE0-C53F1D3637D9}
	EndGlobalSection
EndGlobal
